
Microsoft Visual Studio Solution File, Format Version 12.00
# Visual Studio Version 16
VisualStudioVersion = 16.0.31321.278
MinimumVisualStudioVersion = 10.0.40219.1
Project("{FAE04EC0-301F-11D3-BF4B-00C04F79EFBC}") = "Calc1", "Calc1\Calc1.csproj", "{A8B2D838-2A1B-4337-A6BC-D66BBA8D45BE}"
EndProject
Project("{FAE04EC0-301F-11D3-BF4B-00C04F79EFBC}") = "UnitTestCalc2", "..\UnitTestCalc2\UnitTestCalc2\UnitTestCalc2.csproj", "{27634A8C-92A8-477F-ADBF-E788D32C3DA5}"
EndProject
Global
	GlobalSection(SolutionConfigurationPlatforms) = preSolution
		Debug|Any CPU = Debug|Any CPU
		Release|Any CPU = Release|Any CPU
	EndGlobalSection
	GlobalSection(ProjectConfigurationPlatforms) = postSolution
		{A8B2D838-2A1B-4337-A6BC-D66BBA8D45BE}.Debug|Any CPU.ActiveCfg = Debug|Any CPU
		{A8B2D838-2A1B-4337-A6BC-D66BBA8D45BE}.Debug|Any CPU.Build.0 = Debug|Any CPU
		{A8B2D838-2A1B-4337-A6BC-D66BBA8D45BE}.Release|Any CPU.ActiveCfg = Release|Any CPU
		{A8B2D838-2A1B-4337-A6BC-D66BBA8D45BE}.Release|Any CPU.Build.0 = Release|Any CPU
		{27634A8C-92A8-477F-ADBF-E788D32C3DA5}.Debug|Any CPU.ActiveCfg = Debug|Any CPU
		{27634A8C-92A8-477F-ADBF-E788D32C3DA5}.Debug|Any CPU.Build.0 = Debug|Any CPU
		{27634A8C-92A8-477F-ADBF-E788D32C3DA5}.Release|Any CPU.ActiveCfg = Release|Any CPU
		{27634A8C-92A8-477F-ADBF-E788D32C3DA5}.Release|Any CPU.Build.0 = Release|Any CPU
	EndGlobalSection
	GlobalSection(SolutionProperties) = preSolution
		HideSolutionNode = FALSE
	EndGlobalSection
	GlobalSection(ExtensibilityGlobals) = postSolution
		SolutionGuid = {BC536710-0C88-4107-9CC1-0D6F79B39940}
	EndGlobalSection
EndGlobal
